
Microsoft Visual Studio Solution File, Format Version 12.00
# Visual Studio 15
VisualStudioVersion = 15.0.27703.2000
MinimumVisualStudioVersion = 10.0.40219.1
Project("{FAE04EC0-301F-11D3-BF4B-00C04F79EFBC}") = "ZPO_Projekt", "ZPO_Projekt\ZPO_Projekt.csproj", "{5F942DE0-D159-47F4-9B9F-B1D69E58E83B}"
EndProject
Project("{FAE04EC0-301F-11D3-BF4B-00C04F79EFBC}") = "ZPO_Projekt.Data", "ZPO_Projekt.Data\ZPO_Projekt.Data.csproj", "{3E034A35-FFC4-453D-9478-0381ACBF19F6}"
EndProject
Project("{FAE04EC0-301F-11D3-BF4B-00C04F79EFBC}") = "ZPO_Projekt.Tests", "ZPO_Projekt.Tests\ZPO_Projekt.Tests.csproj", "{D6A9B4D8-7A5F-402E-A700-F1477D3FEEB2}"
EndProject
Global
	GlobalSection(SolutionConfigurationPlatforms) = preSolution
		Debug|Any CPU = Debug|Any CPU
		Release|Any CPU = Release|Any CPU
	EndGlobalSection
	GlobalSection(ProjectConfigurationPlatforms) = postSolution
		{5F942DE0-D159-47F4-9B9F-B1D69E58E83B}.Debug|Any CPU.ActiveCfg = Debug|Any CPU
		{5F942DE0-D159-47F4-9B9F-B1D69E58E83B}.Debug|Any CPU.Build.0 = Debug|Any CPU
		{5F942DE0-D159-47F4-9B9F-B1D69E58E83B}.Release|Any CPU.ActiveCfg = Release|Any CPU
		{5F942DE0-D159-47F4-9B9F-B1D69E58E83B}.Release|Any CPU.Build.0 = Release|Any CPU
		{3E034A35-FFC4-453D-9478-0381ACBF19F6}.Debug|Any CPU.ActiveCfg = Debug|Any CPU
		{3E034A35-FFC4-453D-9478-0381ACBF19F6}.Debug|Any CPU.Build.0 = Debug|Any CPU
		{3E034A35-FFC4-453D-9478-0381ACBF19F6}.Release|Any CPU.ActiveCfg = Release|Any CPU
		{3E034A35-FFC4-453D-9478-0381ACBF19F6}.Release|Any CPU.Build.0 = Release|Any CPU
		{D6A9B4D8-7A5F-402E-A700-F1477D3FEEB2}.Debug|Any CPU.ActiveCfg = Debug|Any CPU
		{D6A9B4D8-7A5F-402E-A700-F1477D3FEEB2}.Debug|Any CPU.Build.0 = Debug|Any CPU
		{D6A9B4D8-7A5F-402E-A700-F1477D3FEEB2}.Release|Any CPU.ActiveCfg = Release|Any CPU
		{D6A9B4D8-7A5F-402E-A700-F1477D3FEEB2}.Release|Any CPU.Build.0 = Release|Any CPU
	EndGlobalSection
	GlobalSection(SolutionProperties) = preSolution
		HideSolutionNode = FALSE
	EndGlobalSection
	GlobalSection(ExtensibilityGlobals) = postSolution
		SolutionGuid = {0D33CD5B-9A25-4B56-9DD5-48D5BDFAF3E5}
	EndGlobalSection
EndGlobal
